version = 1
revision = 3
requires-python = ">=3.12"

[[package]]
name = "bob"
version = "0.1.0"
source = { git = "https://github.com/bob-hq/bob#ca9a04e40937f860998d81aa76f9528737452293" }
dependencies = [
    { name = "ninja" },
    { name = "rich-click" },
]

[[package]]
name = "bob-std"
version = "0.1.0"
source = { editable = "." }
dependencies = [
    { name = "bob" },
]

[package.metadata]
requires-dist = [{ name = "bob", git = "https://github.com/bob-hq/bob" }]

[package.metadata.requires-dev]
dev = []

[[package]]
name = "click"
version = "8.4.1"
source = { registry = "https://pypi.org/simple" }
dependencies = [
    { name = "colorama", marker = "sys_platform == 'win32'" },
]
sdist = { url = "https://files.pythonhosted.org/packages/9b/98/518d8e5081007684232226f475082b30087d0f585e8457db087298259f49/click-8.4.1.tar.gz", hash = "sha256:918b5633eddf6b41c32d4f454bf0de810065c74e3f7dbf8ee5452f8be88d3e96", size = 353007, upload-time = "2026-05-22T04:08:37.769Z" }
wheels = [
    { url = "https://files.pythonhosted.org/packages/c7/0d/67e5b4109ea4a837e80daa87c2c696711955e40449a97e8926672534def2/click-8.4.1-py3-none-any.whl", hash = "sha256:482be17c6991b8c19c5429a1e995d9b0efdbb63172824c41f99965dc0ade8ec2", size = 116639, upload-time = "2026-05-22T04:08:35.26Z" },
]

[[package]]
name = "colorama"
version = "0.4.6"
source = { registry = "https://pypi.org/simple" }
sdist = { url = "https://files.pythonhosted.org/packages/d8/53/6f443c9a4a8358a93a6792e2acffb9d9d5cb0a5cfd8802644b7b1c9a02e4/colorama-0.4.6.tar.gz", hash = "sha256:08695f5cb7ed6e0531a20572697297273c47b8cae5a63ffc6d6ed5c201be6e44", size = 27697, upload-time = "2022-10-25T02:36:22.414Z" }
wheels = [
    { url = "https://files.pythonhosted.org/packages/d1/d6/3965ed04c63042e047cb6a3e6ed1a63a35087b6a609aa3a15ed8ac56c221/colorama-0.4.6-py2.py3-none-any.whl", hash = "sha256:4f1d9991f5acc0ca119f9d443620b77f9d6b33703e51011c16baf57afb285fc6", size = 25335, upload-time = "2022-10-25T02:36:20.889Z" },
]

[[package]]
name = "markdown-it-py"
version = "4.2.0"
source = { registry = "https://pypi.org/simple" }
dependencies = [
    { name = "mdurl" },
]
sdist = { url = "https://files.pythonhosted.org/packages/06/ff/7841249c247aa650a76b9ee4bbaeae59370dc8bfd2f6c01f3630c35eb134/markdown_it_py-4.2.0.tar.gz", hash = "sha256:04a21681d6fbb623de53f6f364d352309d4094dd4194040a10fd51833e418d49", size = 82454, upload-time = "2026-05-07T12:08:28.36Z" }
wheels = [
    { url = "https://files.pythonhosted.org/packages/b3/81/4da04ced5a082363ecfa159c010d200ecbd959ae410c10c0264a38cac0f5/markdown_it_py-4.2.0-py3-none-any.whl", hash = "sha256:9f7ebbcd14fe59494226453aed97c1070d83f8d24b6fc3a3bcf9a38092641c4a", size = 91687, upload-time = "2026-05-07T12:08:27.182Z" },
]

[[package]]
name = "mdurl"
version = "0.1.2"
source = { registry = "https://pypi.org/simple" }
sdist = { url = "https://files.pythonhosted.org/packages/d6/54/cfe61301667036ec958cb99bd3efefba235e65cdeb9c84d24a8293ba1d90/mdurl-0.1.2.tar.gz", hash = "sha256:bb413d29f5eea38f31dd4754dd7377d4465116fb207585f97bf925588687c1ba", size = 8729, upload-time = "2022-08-14T12:40:10.846Z" }
wheels = [
    { url = "https://files.pythonhosted.org/packages/b3/38/89ba8ad64ae25be8de66a6d463314cf1eb366222074cfda9ee839c56a4b4/mdurl-0.1.2-py3-none-any.whl", hash = "sha256:84008a41e51615a49fc9966191ff91509e3c40b939176e643fd50a5c2196b8f8", size = 9979, upload-time = "2022-08-14T12:40:09.779Z" },
]

[[package]]
name = "ninja"
version = "1.13.0"
source = { registry = "https://pypi.org/simple" }
sdist = { url = "https://files.pythonhosted.org/packages/43/73/79a0b22fc731989c708068427579e840a6cf4e937fe7ae5c5d0b7356ac22/ninja-1.13.0.tar.gz", hash = "sha256:4a40ce995ded54d9dc24f8ea37ff3bf62ad192b547f6c7126e7e25045e76f978", size = 242558, upload-time = "2025-08-11T15:10:19.421Z" }
wheels = [
    { url = "https://files.pythonhosted.org/packages/3c/74/d02409ed2aa865e051b7edda22ad416a39d81a84980f544f8de717cab133/ninja-1.13.0-py3-none-macosx_10_9_universal2.whl", hash = "sha256:fa2a8bfc62e31b08f83127d1613d10821775a0eb334197154c4d6067b7068ff1", size = 310125, upload-time = "2025-08-11T15:09:50.971Z" },
    { url = "https://files.pythonhosted.org/packages/8e/de/6e1cd6b84b412ac1ef327b76f0641aeb5dcc01e9d3f9eee0286d0c34fd93/ninja-1.13.0-py3-none-manylinux2014_aarch64.manylinux_2_17_aarch64.whl", hash = "sha256:3d00c692fb717fd511abeb44b8c5d00340c36938c12d6538ba989fe764e79630", size = 177467, upload-time = "2025-08-11T15:09:52.767Z" },
    { url = "https://files.pythonhosted.org/packages/c8/83/49320fb6e58ae3c079381e333575fdbcf1cca3506ee160a2dcce775046fa/ninja-1.13.0-py3-none-manylinux2014_i686.manylinux_2_17_i686.whl", hash = "sha256:be7f478ff9f96a128b599a964fc60a6a87b9fa332ee1bd44fa243ac88d50291c", size = 187834, upload-time = "2025-08-11T15:09:54.115Z" },
    { url = "https://files.pythonhosted.org/packages/56/c7/ba22748fb59f7f896b609cd3e568d28a0a367a6d953c24c461fe04fc4433/ninja-1.13.0-py3-none-manylinux2014_ppc64le.manylinux_2_17_ppc64le.whl", hash = "sha256:60056592cf495e9a6a4bea3cd178903056ecb0943e4de45a2ea825edb6dc8d3e", size = 202736, upload-time = "2025-08-11T15:09:55.745Z" },
    { url = "https://files.pythonhosted.org/packages/79/22/d1de07632b78ac8e6b785f41fa9aad7a978ec8c0a1bf15772def36d77aac/ninja-1.13.0-py3-none-manylinux2014_s390x.manylinux_2_17_s390x.whl", hash = "sha256:1c97223cdda0417f414bf864cfb73b72d8777e57ebb279c5f6de368de0062988", size = 179034, upload-time = "2025-08-11T15:09:57.394Z" },
    { url = "https://files.pythonhosted.org/packages/ed/de/0e6edf44d6a04dabd0318a519125ed0415ce437ad5a1ec9b9be03d9048cf/ninja-1.13.0-py3-none-manylinux2014_x86_64.manylinux_2_17_x86_64.whl", hash = "sha256:fb46acf6b93b8dd0322adc3a4945452a4e774b75b91293bafcc7b7f8e6517dfa", size = 180716, upload-time = "2025-08-11T15:09:58.696Z" },
    { url = "https://files.pythonhosted.org/packages/54/28/938b562f9057aaa4d6bfbeaa05e81899a47aebb3ba6751e36c027a7f5ff7/ninja-1.13.0-py3-none-manylinux_2_28_armv7l.manylinux_2_31_armv7l.whl", hash = "sha256:4be9c1b082d244b1ad7ef41eb8ab088aae8c109a9f3f0b3e56a252d3e00f42c1", size = 146843, upload-time = "2025-08-11T15:10:00.046Z" },
    { url = "https://files.pythonhosted.org/packages/2a/fb/d06a3838de4f8ab866e44ee52a797b5491df823901c54943b2adb0389fbb/ninja-1.13.0-py3-none-manylinux_2_31_riscv64.whl", hash = "sha256:6739d3352073341ad284246f81339a384eec091d9851a886dfa5b00a6d48b3e2", size = 154402, upload-time = "2025-08-11T15:10:01.657Z" },
    { url = "https://files.pythonhosted.org/packages/31/bf/0d7808af695ceddc763cf251b84a9892cd7f51622dc8b4c89d5012779f06/ninja-1.13.0-py3-none-musllinux_1_2_aarch64.whl", hash = "sha256:11be2d22027bde06f14c343f01d31446747dbb51e72d00decca2eb99be911e2f", size = 552388, upload-time = "2025-08-11T15:10:03.349Z" },
    { url = "https://files.pythonhosted.org/packages/9d/70/c99d0c2c809f992752453cce312848abb3b1607e56d4cd1b6cded317351a/ninja-1.13.0-py3-none-musllinux_1_2_armv7l.whl", hash = "sha256:aa45b4037b313c2f698bc13306239b8b93b4680eb47e287773156ac9e9304714", size = 472501, upload-time = "2025-08-11T15:10:04.735Z" },
    { url = "https://files.pythonhosted.org/packages/9f/43/c217b1153f0e499652f5e0766da8523ce3480f0a951039c7af115e224d55/ninja-1.13.0-py3-none-musllinux_1_2_i686.whl", hash = "sha256:5f8e1e8a1a30835eeb51db05cf5a67151ad37542f5a4af2a438e9490915e5b72", size = 638280, upload-time = "2025-08-11T15:10:06.512Z" },
    { url = "https://files.pythonhosted.org/packages/8c/45/9151bba2c8d0ae2b6260f71696330590de5850e5574b7b5694dce6023e20/ninja-1.13.0-py3-none-musllinux_1_2_ppc64le.whl", hash = "sha256:3d7d7779d12cb20c6d054c61b702139fd23a7a964ec8f2c823f1ab1b084150db", size = 642420, upload-time = "2025-08-11T15:10:08.35Z" },
    { url = "https://files.pythonhosted.org/packages/3c/fb/95752eb635bb8ad27d101d71bef15bc63049de23f299e312878fc21cb2da/ninja-1.13.0-py3-none-musllinux_1_2_riscv64.whl", hash = "sha256:d741a5e6754e0bda767e3274a0f0deeef4807f1fec6c0d7921a0244018926ae5", size = 585106, upload-time = "2025-08-11T15:10:09.818Z" },
    { url = "https://files.pythonhosted.org/packages/c1/31/aa56a1a286703800c0cbe39fb4e82811c277772dc8cd084f442dd8e2938a/ninja-1.13.0-py3-none-musllinux_1_2_s390x.whl", hash = "sha256:e8bad11f8a00b64137e9b315b137d8bb6cbf3086fbdc43bf1f90fd33324d2e96", size = 707138, upload-time = "2025-08-11T15:10:11.366Z" },
    { url = "https://files.pythonhosted.org/packages/34/6f/5f5a54a1041af945130abdb2b8529cbef0cdcbbf9bcf3f4195378319d29a/ninja-1.13.0-py3-none-musllinux_1_2_x86_64.whl", hash = "sha256:b4f2a072db3c0f944c32793e91532d8948d20d9ab83da9c0c7c15b5768072200", size = 581758, upload-time = "2025-08-11T15:10:13.295Z" },
    { url = "https://files.pythonhosted.org/packages/95/97/51359c77527d45943fe7a94d00a3843b81162e6c4244b3579fe8fc54cb9c/ninja-1.13.0-py3-none-win32.whl", hash = "sha256:8cfbb80b4a53456ae8a39f90ae3d7a2129f45ea164f43fadfa15dc38c4aef1c9", size = 267201, upload-time = "2025-08-11T15:10:15.158Z" },
    { url = "https://files.pythonhosted.org/packages/29/45/c0adfbfb0b5895aa18cec400c535b4f7ff3e52536e0403602fc1a23f7de9/ninja-1.13.0-py3-none-win_amd64.whl", hash = "sha256:fb8ee8719f8af47fed145cced4a85f0755dd55d45b2bddaf7431fa89803c5f3e", size = 309975, upload-time = "2025-08-11T15:10:16.697Z" },
    { url = "https://files.pythonhosted.org/packages/df/93/a7b983643d1253bb223234b5b226e69de6cda02b76cdca7770f684b795f5/ninja-1.13.0-py3-none-win_arm64.whl", hash = "sha256:3c0b40b1f0bba764644385319028650087b4c1b18cdfa6f45cb39a3669b81aa9", size = 290806, upload-time = "2025-08-11T15:10:18.018Z" },
]

[[package]]
name = "pygments"
version = "2.20.0"
source = { registry = "https://pypi.org/simple" }
sdist = { url = "https://files.pythonhosted.org/packages/c3/b2/bc9c9196916376152d655522fdcebac55e66de6603a76a02bca1b6414f6c/pygments-2.20.0.tar.gz", hash = "sha256:6757cd03768053ff99f3039c1a36d6c0aa0b263438fcab17520b30a303a82b5f", size = 4955991, upload-time = "2026-03-29T13:29:33.898Z" }
wheels = [
    { url = "https://files.pythonhosted.org/packages/f4/7e/a72dd26f3b0f4f2bf1dd8923c85f7ceb43172af56d63c7383eb62b332364/pygments-2.20.0-py3-none-any.whl", hash = "sha256:81a9e26dd42fd28a23a2d169d86d7ac03b46e2f8b59ed4698fb4785f946d0176", size = 1231151, upload-time = "2026-03-29T13:29:30.038Z" },
]

[[package]]
name = "rich"
version = "15.0.0"
source = { registry = "https://pypi.org/simple" }
dependencies = [
    { name = "markdown-it-py" },
    { name = "pygments" },
]
sdist = { url = "https://files.pythonhosted.org/packages/c0/8f/0722ca900cc807c13a6a0c696dacf35430f72e0ec571c4275d2371fca3e9/rich-15.0.0.tar.gz", hash = "sha256:edd07a4824c6b40189fb7ac9bc4c52536e9780fbbfbddf6f1e2502c31b068c36", size = 230680, upload-time = "2026-04-12T08:24:00.75Z" }
wheels = [
    { url = "https://files.pythonhosted.org/packages/82/3b/64d4899d73f91ba49a8c18a8ff3f0ea8f1c1d75481760df8c68ef5235bf5/rich-15.0.0-py3-none-any.whl", hash = "sha256:33bd4ef74232fb73fe9279a257718407f169c09b78a87ad3d296f548e27de0bb", size = 310654, upload-time = "2026-04-12T08:24:02.83Z" },
]

[[package]]
name = "rich-click"
version = "1.9.8"
source = { registry = "https://pypi.org/simple" }
dependencies = [
    { name = "click" },
    { name = "colorama", marker = "sys_platform == 'win32'" },
    { name = "rich" },
]
sdist = { url = "https://files.pythonhosted.org/packages/f7/ea/21e4867ea0ef881ffd4c0550fc21a061435e50d6324bcd034396633cbc18/rich_click-1.9.8.tar.gz", hash = "sha256:4008f921da88b5d91646c134ec881c1500e5a6b3f093e90e8f29400e09608371", size = 75363, upload-time = "2026-05-28T19:54:59.144Z" }
wheels = [
    { url = "https://files.pythonhosted.org/packages/6d/97/a87901aef6b7e7e4a34c6dd6cc17dca8594a592ef9d9dd765fca2b7facf7/rich_click-1.9.8-py3-none-any.whl", hash = "sha256:12873865396e6927835d4eabb1cc3996edcd65b7ac9b2391a29eca4f335a2f93", size = 72189, upload-time = "2026-05-28T19:54:57.867Z" },
]
